
Microsoft Visual Studio Solution File, Format Version 12.00
# Visual Studio Version 16
VisualStudioVersion = 16.0.29123.88
MinimumVisualStudioVersion = 10.0.40219.1
Project("{FAE04EC0-301F-11D3-BF4B-00C04F79EFBC}") = "CalculateArea", "CalculateArea\CalculateArea.csproj", "{6764DB75-045A-462A-896D-E7150A08DE85}"
EndProject
Project("{FAE04EC0-301F-11D3-BF4B-00C04F79EFBC}") = "GravityCalculator", "GravityCalculator\GravityCalculator.csproj", "{21B4C2ED-21D7-4F86-9A72-FCAD10DE578E}"
EndProject
Project("{9A19103F-16F7-4668-BE54-9A1E7A4F7556}") = "SumAverageRunningInt", "SumAverageRunningInt\SumAverageRunningInt.csproj", "{3A626440-B412-47F6-A2D2-2330B1840FD6}"
EndProject
Project("{9A19103F-16F7-4668-BE54-9A1E7A4F7556}") = "Exercise 1", "Exercise 1\Exercise 1.csproj", "{589179DF-C557-4E17-B839-CBCB0077D0A6}"
EndProject
Project("{9A19103F-16F7-4668-BE54-9A1E7A4F7556}") = "Exercise 2", "Exercise 2\Exercise 2.csproj", "{3C303563-7D57-4386-8936-BB359B437447}"
EndProject
Project("{9A19103F-16F7-4668-BE54-9A1E7A4F7556}") = "Exercise 3", "Exercise 3\Exercise 3.csproj", "{3EA24067-0A2A-463B-B023-2EB28A297BC2}"
EndProject
Project("{9A19103F-16F7-4668-BE54-9A1E7A4F7556}") = "Exercise 4", "Exercise 4\Exercise 4.csproj", "{2359E8B2-F921-4CCD-AA46-F435398877EE}"
EndProject
Project("{9A19103F-16F7-4668-BE54-9A1E7A4F7556}") = "Exercise 5", "Exercise 5\Exercise 5.csproj", "{22F7E557-6189-456F-824B-4168888A10D3}"
EndProject
Project("{9A19103F-16F7-4668-BE54-9A1E7A4F7556}") = "Exercise 6", "Exercise 6\Exercise 6.csproj", "{6E07FAE9-A8BA-45C2-953A-9CADA1BB0F13}"
EndProject
Project("{9A19103F-16F7-4668-BE54-9A1E7A4F7556}") = "Exercise 8", "Exercise 8\Exercise 8.csproj", "{6D8C697C-6DBD-45DC-87CC-D68058216F4B}"
EndProject
Project("{9A19103F-16F7-4668-BE54-9A1E7A4F7556}") = "Exercise 9", "Exercise 9\Exercise 9.csproj", "{191EEB99-F805-4EF9-8706-2BA2513E2A51}"
EndProject
Project("{FAE04EC0-301F-11D3-BF4B-00C04F79EFBC}") = "Exercise 1.Test", "Exercise 1.Test\Exercise 1.Test.csproj", "{108FD6BF-E493-4CF6-9776-144FA2F29302}"
EndProject
Project("{FAE04EC0-301F-11D3-BF4B-00C04F79EFBC}") = "Exercise 2.Test", "Exercise 2.Test\Exercise 2.Test.csproj", "{2C9D4FF4-6250-4C66-9360-E4607D910970}"
EndProject
Global
	GlobalSection(SolutionConfigurationPlatforms) = preSolution
		Debug|Any CPU = Debug|Any CPU
		Release|Any CPU = Release|Any CPU
	EndGlobalSection
	GlobalSection(ProjectConfigurationPlatforms) = postSolution
		{6764DB75-045A-462A-896D-E7150A08DE85}.Debug|Any CPU.ActiveCfg = Debug|Any CPU
		{6764DB75-045A-462A-896D-E7150A08DE85}.Debug|Any CPU.Build.0 = Debug|Any CPU
		{6764DB75-045A-462A-896D-E7150A08DE85}.Release|Any CPU.ActiveCfg = Release|Any CPU
		{6764DB75-045A-462A-896D-E7150A08DE85}.Release|Any CPU.Build.0 = Release|Any CPU
		{21B4C2ED-21D7-4F86-9A72-FCAD10DE578E}.Debug|Any CPU.ActiveCfg = Debug|Any CPU
		{21B4C2ED-21D7-4F86-9A72-FCAD10DE578E}.Debug|Any CPU.Build.0 = Debug|Any CPU
		{21B4C2ED-21D7-4F86-9A72-FCAD10DE578E}.Release|Any CPU.ActiveCfg = Release|Any CPU
		{21B4C2ED-21D7-4F86-9A72-FCAD10DE578E}.Release|Any CPU.Build.0 = Release|Any CPU
		{3A626440-B412-47F6-A2D2-2330B1840FD6}.Debug|Any CPU.ActiveCfg = Debug|Any CPU
		{3A626440-B412-47F6-A2D2-2330B1840FD6}.Debug|Any CPU.Build.0 = Debug|Any CPU
		{3A626440-B412-47F6-A2D2-2330B1840FD6}.Release|Any CPU.ActiveCfg = Release|Any CPU
		{3A626440-B412-47F6-A2D2-2330B1840FD6}.Release|Any CPU.Build.0 = Release|Any CPU
		{589179DF-C557-4E17-B839-CBCB0077D0A6}.Debug|Any CPU.ActiveCfg = Debug|Any CPU
		{589179DF-C557-4E17-B839-CBCB0077D0A6}.Debug|Any CPU.Build.0 = Debug|Any CPU
		{589179DF-C557-4E17-B839-CBCB0077D0A6}.Release|Any CPU.ActiveCfg = Release|Any CPU
		{589179DF-C557-4E17-B839-CBCB0077D0A6}.Release|Any CPU.Build.0 = Release|Any CPU
		{3C303563-7D57-4386-8936-BB359B437447}.Debug|Any CPU.ActiveCfg = Debug|Any CPU
		{3C303563-7D57-4386-8936-BB359B437447}.Debug|Any CPU.Build.0 = Debug|Any CPU
		{3C303563-7D57-4386-8936-BB359B437447}.Release|Any CPU.ActiveCfg = Release|Any CPU
		{3C303563-7D57-4386-8936-BB359B437447}.Release|Any CPU.Build.0 = Release|Any CPU
		{3EA24067-0A2A-463B-B023-2EB28A297BC2}.Debug|Any CPU.ActiveCfg = Debug|Any CPU
		{3EA24067-0A2A-463B-B023-2EB28A297BC2}.Debug|Any CPU.Build.0 = Debug|Any CPU
		{3EA24067-0A2A-463B-B023-2EB28A297BC2}.Release|Any CPU.ActiveCfg = Release|Any CPU
		{3EA24067-0A2A-463B-B023-2EB28A297BC2}.Release|Any CPU.Build.0 = Release|Any CPU
		{2359E8B2-F921-4CCD-AA46-F435398877EE}.Debug|Any CPU.ActiveCfg = Debug|Any CPU
		{2359E8B2-F921-4CCD-AA46-F435398877EE}.Debug|Any CPU.Build.0 = Debug|Any CPU
		{2359E8B2-F921-4CCD-AA46-F435398877EE}.Release|Any CPU.ActiveCfg = Release|Any CPU
		{2359E8B2-F921-4CCD-AA46-F435398877EE}.Release|Any CPU.Build.0 = Release|Any CPU
		{22F7E557-6189-456F-824B-4168888A10D3}.Debug|Any CPU.ActiveCfg = Debug|Any CPU
		{22F7E557-6189-456F-824B-4168888A10D3}.Debug|Any CPU.Build.0 = Debug|Any CPU
		{22F7E557-6189-456F-824B-4168888A10D3}.Release|Any CPU.ActiveCfg = Release|Any CPU
		{22F7E557-6189-456F-824B-4168888A10D3}.Release|Any CPU.Build.0 = Release|Any CPU
		{6E07FAE9-A8BA-45C2-953A-9CADA1BB0F13}.Debug|Any CPU.ActiveCfg = Debug|Any CPU
		{6E07FAE9-A8BA-45C2-953A-9CADA1BB0F13}.Debug|Any CPU.Build.0 = Debug|Any CPU
		{6E07FAE9-A8BA-45C2-953A-9CADA1BB0F13}.Release|Any CPU.ActiveCfg = Release|Any CPU
		{6E07FAE9-A8BA-45C2-953A-9CADA1BB0F13}.Release|Any CPU.Build.0 = Release|Any CPU
		{6D8C697C-6DBD-45DC-87CC-D68058216F4B}.Debug|Any CPU.ActiveCfg = Debug|Any CPU
		{6D8C697C-6DBD-45DC-87CC-D68058216F4B}.Debug|Any CPU.Build.0 = Debug|Any CPU
		{6D8C697C-6DBD-45DC-87CC-D68058216F4B}.Release|Any CPU.ActiveCfg = Release|Any CPU
		{6D8C697C-6DBD-45DC-87CC-D68058216F4B}.Release|Any CPU.Build.0 = Release|Any CPU
		{191EEB99-F805-4EF9-8706-2BA2513E2A51}.Debug|Any CPU.ActiveCfg = Debug|Any CPU
		{191EEB99-F805-4EF9-8706-2BA2513E2A51}.Debug|Any CPU.Build.0 = Debug|Any CPU
		{191EEB99-F805-4EF9-8706-2BA2513E2A51}.Release|Any CPU.ActiveCfg = Release|Any CPU
		{191EEB99-F805-4EF9-8706-2BA2513E2A51}.Release|Any CPU.Build.0 = Release|Any CPU
		{108FD6BF-E493-4CF6-9776-144FA2F29302}.Debug|Any CPU.ActiveCfg = Debug|Any CPU
		{108FD6BF-E493-4CF6-9776-144FA2F29302}.Debug|Any CPU.Build.0 = Debug|Any CPU
		{108FD6BF-E493-4CF6-9776-144FA2F29302}.Release|Any CPU.ActiveCfg = Release|Any CPU
		{108FD6BF-E493-4CF6-9776-144FA2F29302}.Release|Any CPU.Build.0 = Release|Any CPU
		{2C9D4FF4-6250-4C66-9360-E4607D910970}.Debug|Any CPU.ActiveCfg = Debug|Any CPU
		{2C9D4FF4-6250-4C66-9360-E4607D910970}.Debug|Any CPU.Build.0 = Debug|Any CPU
		{2C9D4FF4-6250-4C66-9360-E4607D910970}.Release|Any CPU.ActiveCfg = Release|Any CPU
		{2C9D4FF4-6250-4C66-9360-E4607D910970}.Release|Any CPU.Build.0 = Release|Any CPU
	EndGlobalSection
	GlobalSection(SolutionProperties) = preSolution
		HideSolutionNode = FALSE
	EndGlobalSection
	GlobalSection(ExtensibilityGlobals) = postSolution
		SolutionGuid = {22A75822-3C36-4529-B369-1F5A7653AD59}
	EndGlobalSection
EndGlobal
